
Microsoft Visual Studio Solution File, Format Version 12.00
# Visual Studio Version 17
VisualStudioVersion = 17.9.34607.119
MinimumVisualStudioVersion = 10.0.40219.1
Project("{FAE04EC0-301F-11D3-BF4B-00C04F79EFBC}") = "HorizontalTriangle", "HorizontalTriangle.csproj", "{4AF54D6B-CDAF-4E88-826F-3F87ADEDE9AF}"
EndProject
Global
	GlobalSection(SolutionConfigurationPlatforms) = preSolution
		Debug|Any CPU = Debug|Any CPU
		Release|Any CPU = Release|Any CPU
	EndGlobalSection
	GlobalSection(ProjectConfigurationPlatforms) = postSolution
		{4AF54D6B-CDAF-4E88-826F-3F87ADEDE9AF}.Debug|Any CPU.ActiveCfg = Debug|Any CPU
		{4AF54D6B-CDAF-4E88-826F-3F87ADEDE9AF}.Debug|Any CPU.Build.0 = Debug|Any CPU
		{4AF54D6B-CDAF-4E88-826F-3F87ADEDE9AF}.Release|Any CPU.ActiveCfg = Release|Any CPU
		{4AF54D6B-CDAF-4E88-826F-3F87ADEDE9AF}.Release|Any CPU.Build.0 = Release|Any CPU
	EndGlobalSection
	GlobalSection(SolutionProperties) = preSolution
		HideSolutionNode = FALSE
	EndGlobalSection
	GlobalSection(ExtensibilityGlobals) = postSolution
		SolutionGuid = {D8E33241-7159-4BE3-8B79-9CFFB856820B}
	EndGlobalSection
EndGlobal
