
Microsoft Visual Studio Solution File, Format Version 12.00
# Visual Studio Version 17
VisualStudioVersion = 17.9.34607.119
MinimumVisualStudioVersion = 10.0.40219.1
Project("{FAE04EC0-301F-11D3-BF4B-00C04F79EFBC}") = "FilterPractice1", "FilterPractice1.csproj", "{96169A5B-FB2D-4D36-A1A6-42833A8A9172}"
EndProject
Global
	GlobalSection(SolutionConfigurationPlatforms) = preSolution
		Debug|Any CPU = Debug|Any CPU
		Release|Any CPU = Release|Any CPU
	EndGlobalSection
	GlobalSection(ProjectConfigurationPlatforms) = postSolution
		{96169A5B-FB2D-4D36-A1A6-42833A8A9172}.Debug|Any CPU.ActiveCfg = Debug|Any CPU
		{96169A5B-FB2D-4D36-A1A6-42833A8A9172}.Debug|Any CPU.Build.0 = Debug|Any CPU
		{96169A5B-FB2D-4D36-A1A6-42833A8A9172}.Release|Any CPU.ActiveCfg = Release|Any CPU
		{96169A5B-FB2D-4D36-A1A6-42833A8A9172}.Release|Any CPU.Build.0 = Release|Any CPU
	EndGlobalSection
	GlobalSection(SolutionProperties) = preSolution
		HideSolutionNode = FALSE
	EndGlobalSection
	GlobalSection(ExtensibilityGlobals) = postSolution
		SolutionGuid = {9F72C887-6466-4B81-9E96-0E67112C47D1}
	EndGlobalSection
EndGlobal
