
Microsoft Visual Studio Solution File, Format Version 12.00
# Visual Studio Version 17
VisualStudioVersion = 17.9.34607.119
MinimumVisualStudioVersion = 10.0.40219.1
Project("{FAE04EC0-301F-11D3-BF4B-00C04F79EFBC}") = "PraciceProblem29", "PraciceProblem29.csproj", "{9E613B63-59DD-4BE8-9B5F-E0805613E0EA}"
EndProject
Global
	GlobalSection(SolutionConfigurationPlatforms) = preSolution
		Debug|Any CPU = Debug|Any CPU
		Release|Any CPU = Release|Any CPU
	EndGlobalSection
	GlobalSection(ProjectConfigurationPlatforms) = postSolution
		{9E613B63-59DD-4BE8-9B5F-E0805613E0EA}.Debug|Any CPU.ActiveCfg = Debug|Any CPU
		{9E613B63-59DD-4BE8-9B5F-E0805613E0EA}.Debug|Any CPU.Build.0 = Debug|Any CPU
		{9E613B63-59DD-4BE8-9B5F-E0805613E0EA}.Release|Any CPU.ActiveCfg = Release|Any CPU
		{9E613B63-59DD-4BE8-9B5F-E0805613E0EA}.Release|Any CPU.Build.0 = Release|Any CPU
	EndGlobalSection
	GlobalSection(SolutionProperties) = preSolution
		HideSolutionNode = FALSE
	EndGlobalSection
	GlobalSection(ExtensibilityGlobals) = postSolution
		SolutionGuid = {1B7ECEE8-CEE8-4601-8168-3BD4618B3F55}
	EndGlobalSection
EndGlobal
