
Microsoft Visual Studio Solution File, Format Version 12.00
# Visual Studio Version 17
VisualStudioVersion = 17.9.34607.119
MinimumVisualStudioVersion = 10.0.40219.1
Project("{FAE04EC0-301F-11D3-BF4B-00C04F79EFBC}") = "ExcelApp3", "ExcelApp3.csproj", "{F95F0E92-B3DA-4E63-A368-6795DE525F98}"
EndProject
Global
	GlobalSection(SolutionConfigurationPlatforms) = preSolution
		Debug|Any CPU = Debug|Any CPU
		Release|Any CPU = Release|Any CPU
	EndGlobalSection
	GlobalSection(ProjectConfigurationPlatforms) = postSolution
		{F95F0E92-B3DA-4E63-A368-6795DE525F98}.Debug|Any CPU.ActiveCfg = Debug|Any CPU
		{F95F0E92-B3DA-4E63-A368-6795DE525F98}.Debug|Any CPU.Build.0 = Debug|Any CPU
		{F95F0E92-B3DA-4E63-A368-6795DE525F98}.Release|Any CPU.ActiveCfg = Release|Any CPU
		{F95F0E92-B3DA-4E63-A368-6795DE525F98}.Release|Any CPU.Build.0 = Release|Any CPU
	EndGlobalSection
	GlobalSection(SolutionProperties) = preSolution
		HideSolutionNode = FALSE
	EndGlobalSection
	GlobalSection(ExtensibilityGlobals) = postSolution
		SolutionGuid = {88AD50EF-C53F-435C-B761-7C0E56663F31}
	EndGlobalSection
EndGlobal
